# This file is automatically @generated by Poetry 1.7.1 and should not be changed by hand.

[[package]]
name = "amqp"
version = "5.2.0"
description = "Low-level AMQP client for Python (fork of amqplib)."
optional = false
python-versions = ">=3.6"
files = [
    {file = "amqp-5.2.0-py3-none-any.whl", hash = "sha256:827cb12fb0baa892aad844fd95258143bce4027fdac4fccddbc43330fd281637"},
    {file = "amqp-5.2.0.tar.gz", hash = "sha256:a1ecff425ad063ad42a486c902807d1482311481c8ad95a72694b2975e75f7fd"},
]

[package.dependencies]
vine = ">=5.0.0,<6.0.0"

[[package]]
name = "asgiref"
version = "3.7.2"
description = "ASGI specs, helper code, and adapters"
optional = false
python-versions = ">=3.7"
files = [
    {file = "asgiref-3.7.2-py3-none-any.whl", hash = "sha256:89b2ef2247e3b562a16eef663bc0e2e703ec6468e2fa8a5cd61cd449786d4f6e"},
    {file = "asgiref-3.7.2.tar.gz", hash = "sha256:9e0ce3aa93a819ba5b45120216b23878cf6e8525eb3848653452b4192b92afed"},
]

[package.extras]
tests = ["mypy (>=0.800)", "pytest", "pytest-asyncio"]

[[package]]
name = "async-timeout"
version = "4.0.3"
description = "Timeout context manager for asyncio programs"
optional = false
python-versions = ">=3.7"
files = [
    {file = "async-timeout-4.0.3.tar.gz", hash = "sha256:4640d96be84d82d02ed59ea2b7105a0f7b33abe8703703cd0ab0bf87c427522f"},
    {file = "async_timeout-4.0.3-py3-none-any.whl", hash = "sha256:7405140ff1230c310e51dc27b3145b9092d659ce68ff733fb0cefe3ee42be028"},
]

[[package]]
name = "billiard"
version = "4.2.0"
description = "Python multiprocessing fork with improvements and bugfixes"
optional = false
python-versions = ">=3.7"
files = [
    {file = "billiard-4.2.0-py3-none-any.whl", hash = "sha256:07aa978b308f334ff8282bd4a746e681b3513db5c9a514cbdd810cbbdc19714d"},
    {file = "billiard-4.2.0.tar.gz", hash = "sha256:9a3c3184cb275aa17a732f93f65b20c525d3d9f253722d26a82194803ade5a2c"},
]

[[package]]
name = "celery"
version = "5.3.6"
description = "Distributed Task Queue."
optional = false
python-versions = ">=3.8"
files = [
    {file = "celery-5.3.6-py3-none-any.whl", hash = "sha256:9da4ea0118d232ce97dff5ed4974587fb1c0ff5c10042eb15278487cdd27d1af"},
    {file = "celery-5.3.6.tar.gz", hash = "sha256:870cc71d737c0200c397290d730344cc991d13a057534353d124c9380267aab9"},
]

[package.dependencies]
billiard = ">=4.2.0,<5.0"
click = ">=8.1.2,<9.0"
click-didyoumean = ">=0.3.0"
click-plugins = ">=1.1.1"
click-repl = ">=0.2.0"
kombu = ">=5.3.4,<6.0"
python-dateutil = ">=2.8.2"
tzdata = ">=2022.7"
vine = ">=5.1.0,<6.0"

[package.extras]
arangodb = ["pyArango (>=2.0.2)"]
auth = ["cryptography (==41.0.5)"]
azureblockblob = ["azure-storage-blob (>=12.15.0)"]
brotli = ["brotli (>=1.0.0)", "brotlipy (>=0.7.0)"]
cassandra = ["cassandra-driver (>=3.25.0,<4)"]
consul = ["python-consul2 (==0.1.5)"]
cosmosdbsql = ["pydocumentdb (==2.3.5)"]
couchbase = ["couchbase (>=3.0.0)"]
couchdb = ["pycouchdb (==1.14.2)"]
django = ["Django (>=2.2.28)"]
dynamodb = ["boto3 (>=1.26.143)"]
elasticsearch = ["elastic-transport (<=8.10.0)", "elasticsearch (<=8.11.0)"]
eventlet = ["eventlet (>=0.32.0)"]
gevent = ["gevent (>=1.5.0)"]
librabbitmq = ["librabbitmq (>=2.0.0)"]
memcache = ["pylibmc (==1.6.3)"]
mongodb = ["pymongo[srv] (>=4.0.2)"]
msgpack = ["msgpack (==1.0.7)"]
pymemcache = ["python-memcached (==1.59)"]
pyro = ["pyro4 (==4.82)"]
pytest = ["pytest-celery (==0.0.0)"]
redis = ["redis (>=4.5.2,!=4.5.5,<6.0.0)"]
s3 = ["boto3 (>=1.26.143)"]
slmq = ["softlayer-messaging (>=1.0.3)"]
solar = ["ephem (==4.1.5)"]
sqlalchemy = ["sqlalchemy (>=1.4.48,<2.1)"]
sqs = ["boto3 (>=1.26.143)", "kombu[sqs] (>=5.3.0)", "pycurl (>=7.43.0.5)", "urllib3 (>=1.26.16)"]
tblib = ["tblib (>=1.3.0)", "tblib (>=1.5.0)"]
yaml = ["PyYAML (>=3.10)"]
zookeeper = ["kazoo (>=1.3.1)"]
zstd = ["zstandard (==0.22.0)"]

[[package]]
name = "click"
version = "8.1.7"
description = "Composable command line interface toolkit"
optional = false
python-versions = ">=3.7"
files = [
    {file = "click-8.1.7-py3-none-any.whl", hash = "sha256:ae74fb96c20a0277a1d615f1e4d73c8414f5a98db8b799a7931d1582f3390c28"},
    {file = "click-8.1.7.tar.gz", hash = "sha256:ca9853ad459e787e2192211578cc907e7594e294c7ccc834310722b41b9ca6de"},
]

[package.dependencies]
colorama = {version = "*", markers = "platform_system == \"Windows\""}

[[package]]
name = "click-didyoumean"
version = "0.3.0"
description = "Enables git-like *did-you-mean* feature in click"
optional = false
python-versions = ">=3.6.2,<4.0.0"
files = [
    {file = "click-didyoumean-0.3.0.tar.gz", hash = "sha256:f184f0d851d96b6d29297354ed981b7dd71df7ff500d82fa6d11f0856bee8035"},
    {file = "click_didyoumean-0.3.0-py3-none-any.whl", hash = "sha256:a0713dc7a1de3f06bc0df5a9567ad19ead2d3d5689b434768a6145bff77c0667"},
]

[package.dependencies]
click = ">=7"

[[package]]
name = "click-plugins"
version = "1.1.1"
description = "An extension module for click to enable registering CLI commands via setuptools entry-points."
optional = false
python-versions = "*"
files = [
    {file = "click-plugins-1.1.1.tar.gz", hash = "sha256:46ab999744a9d831159c3411bb0c79346d94a444df9a3a3742e9ed63645f264b"},
    {file = "click_plugins-1.1.1-py2.py3-none-any.whl", hash = "sha256:5d262006d3222f5057fd81e1623d4443e41dcda5dc815c06b442aa3c02889fc8"},
]

[package.dependencies]
click = ">=4.0"

[package.extras]
dev = ["coveralls", "pytest (>=3.6)", "pytest-cov", "wheel"]

[[package]]
name = "click-repl"
version = "0.3.0"
description = "REPL plugin for Click"
optional = false
python-versions = ">=3.6"
files = [
    {file = "click-repl-0.3.0.tar.gz", hash = "sha256:17849c23dba3d667247dc4defe1757fff98694e90fe37474f3feebb69ced26a9"},
    {file = "click_repl-0.3.0-py3-none-any.whl", hash = "sha256:fb7e06deb8da8de86180a33a9da97ac316751c094c6899382da7feeeeb51b812"},
]

[package.dependencies]
click = ">=7.0"
prompt-toolkit = ">=3.0.36"

[package.extras]
testing = ["pytest (>=7.2.1)", "pytest-cov (>=4.0.0)", "tox (>=4.4.3)"]

[[package]]
name = "colorama"
version = "0.4.6"
description = "Cross-platform colored terminal text."
optional = false
python-versions = "!=3.0.*,!=3.1.*,!=3.2.*,!=3.3.*,!=3.4.*,!=3.5.*,!=3.6.*,>=2.7"
files = [
    {file = "colorama-0.4.6-py2.py3-none-any.whl", hash = "sha256:4f1d9991f5acc0ca119f9d443620b77f9d6b33703e51011c16baf57afb285fc6"},
    {file = "colorama-0.4.6.tar.gz", hash = "sha256:08695f5cb7ed6e0531a20572697297273c47b8cae5a63ffc6d6ed5c201be6e44"},
]

[[package]]
name = "django"
version = "4.2.9"
description = "A high-level Python web framework that encourages rapid development and clean, pragmatic design."
optional = false
python-versions = ">=3.8"
files = [
    {file = "Django-4.2.9-py3-none-any.whl", hash = "sha256:2cc2fc7d1708ada170ddd6c99f35cc25db664f165d3794bc7723f46b2f8c8984"},
    {file = "Django-4.2.9.tar.gz", hash = "sha256:12498cc3cb8bc8038539fef9e90e95f507502436c1f0c3a673411324fa675d14"},
]

[package.dependencies]
asgiref = ">=3.6.0,<4"
sqlparse = ">=0.3.1"
tzdata = {version = "*", markers = "sys_platform == \"win32\""}

[package.extras]
argon2 = ["argon2-cffi (>=19.1.0)"]
bcrypt = ["bcrypt"]

[[package]]
name = "django-debug-toolbar"
version = "4.2.0"
description = "A configurable set of panels that display various debug information about the current request/response."
optional = false
python-versions = ">=3.8"
files = [
    {file = "django_debug_toolbar-4.2.0-py3-none-any.whl", hash = "sha256:af99128c06e8e794479e65ab62cc6c7d1e74e1c19beb44dcbf9bad7a9c017327"},
    {file = "django_debug_toolbar-4.2.0.tar.gz", hash = "sha256:bc7fdaafafcdedefcc67a4a5ad9dac96efd6e41db15bc74d402a54a2ba4854dc"},
]

[package.dependencies]
django = ">=3.2.4"
sqlparse = ">=0.2"

[[package]]
name = "djangorestframework"
version = "3.14.0"
description = "Web APIs for Django, made easy."
optional = false
python-versions = ">=3.6"
files = [
    {file = "djangorestframework-3.14.0-py3-none-any.whl", hash = "sha256:eb63f58c9f218e1a7d064d17a70751f528ed4e1d35547fdade9aaf4cd103fd08"},
    {file = "djangorestframework-3.14.0.tar.gz", hash = "sha256:579a333e6256b09489cbe0a067e66abe55c6595d8926be6b99423786334350c8"},
]

[package.dependencies]
django = ">=3.0"
pytz = "*"

[[package]]
name = "hiredis"
version = "2.3.2"
description = "Python wrapper for hiredis"
optional = false
python-versions = ">=3.7"
files = [
    {file = "hiredis-2.3.2-cp310-cp310-macosx_10_15_universal2.whl", hash = "sha256:742093f33d374098aa21c1696ac6e4874b52658c870513a297a89265a4d08fe5"},
    {file = "hiredis-2.3.2-cp310-cp310-macosx_10_15_x86_64.whl", hash = "sha256:9e14fb70ca4f7efa924f508975199353bf653f452e4ef0a1e47549e208f943d7"},
    {file = "hiredis-2.3.2-cp310-cp310-macosx_11_0_arm64.whl", hash = "sha256:6d7302b4b17fcc1cc727ce84ded7f6be4655701e8d58744f73b09cb9ed2b13df"},
    {file = "hiredis-2.3.2-cp310-cp310-manylinux_2_17_aarch64.manylinux2014_aarch64.whl", hash = "sha256:ed63e8b75c193c5e5a8288d9d7b011da076cc314fafc3bfd59ec1d8a750d48c8"},
    {file = "hiredis-2.3.2-cp310-cp310-manylinux_2_17_ppc64le.manylinux2014_ppc64le.whl", hash = "sha256:6b4edee59dc089bc3948f4f6fba309f51aa2ccce63902364900aa0a553a85e97"},
    {file = "hiredis-2.3.2-cp310-cp310-manylinux_2_17_s390x.manylinux2014_s390x.whl", hash = "sha256:a6481c3b7673a86276220140456c2a6fbfe8d1fb5c613b4728293c8634134824"},
    {file = "hiredis-2.3.2-cp310-cp310-manylinux_2_17_x86_64.manylinux2014_x86_64.whl", hash = "sha256:684840b014ce83541a087fcf2d48227196576f56ae3e944d4dfe14c0a3e0ccb7"},
    {file = "hiredis-2.3.2-cp310-cp310-manylinux_2_5_i686.manylinux1_i686.manylinux_2_17_i686.manylinux2014_i686.whl", hash = "sha256:1c4c0bcf786f0eac9593367b6279e9b89534e008edbf116dcd0de956524702c8"},
    {file = "hiredis-2.3.2-cp310-cp310-musllinux_1_1_aarch64.whl", hash = "sha256:66ab949424ac6504d823cba45c4c4854af5c59306a1531edb43b4dd22e17c102"},
    {file = "hiredis-2.3.2-cp310-cp310-musllinux_1_1_i686.whl", hash = "sha256:322c668ee1c12d6c5750a4b1057e6b4feee2a75b3d25d630922a463cfe5e7478"},
    {file = "hiredis-2.3.2-cp310-cp310-musllinux_1_1_ppc64le.whl", hash = "sha256:bfa73e3f163c6e8b2ec26f22285d717a5f77ab2120c97a2605d8f48b26950dac"},
    {file = "hiredis-2.3.2-cp310-cp310-musllinux_1_1_s390x.whl", hash = "sha256:7f39f28ffc65de577c3bc0c7615f149e35bc927802a0f56e612db9b530f316f9"},
    {file = "hiredis-2.3.2-cp310-cp310-musllinux_1_1_x86_64.whl", hash = "sha256:55ce31bf4711da879b96d511208efb65a6165da4ba91cb3a96d86d5a8d9d23e6"},
    {file = "hiredis-2.3.2-cp310-cp310-win32.whl", hash = "sha256:3dd63d0bbbe75797b743f35d37a4cca7ca7ba35423a0de742ae2985752f20c6d"},
    {file = "hiredis-2.3.2-cp310-cp310-win_amd64.whl", hash = "sha256:ea002656a8d974daaf6089863ab0a306962c8b715db6b10879f98b781a2a5bf5"},
    {file = "hiredis-2.3.2-cp311-cp311-macosx_10_15_universal2.whl", hash = "sha256:adfbf2e9c38b77d0db2fb32c3bdaea638fa76b4e75847283cd707521ad2475ef"},
    {file = "hiredis-2.3.2-cp311-cp311-macosx_10_15_x86_64.whl", hash = "sha256:80b02d27864ebaf9b153d4b99015342382eeaed651f5591ce6f07e840307c56d"},
    {file = "hiredis-2.3.2-cp311-cp311-macosx_11_0_arm64.whl", hash = "sha256:bd40d2e2f82a483de0d0a6dfd8c3895a02e55e5c9949610ecbded18188fd0a56"},
    {file = "hiredis-2.3.2-cp311-cp311-manylinux_2_17_aarch64.manylinux2014_aarch64.whl", hash = "sha256:dfa904045d7cebfb0f01dad51352551cce1d873d7c3f80c7ded7d42f8cac8f89"},
    {file = "hiredis-2.3.2-cp311-cp311-manylinux_2_17_ppc64le.manylinux2014_ppc64le.whl", hash = "sha256:28bd184b33e0dd6d65816c16521a4ba1ffbe9ff07d66873c42ea4049a62fed83"},
    {file = "hiredis-2.3.2-cp311-cp311-manylinux_2_17_s390x.manylinux2014_s390x.whl", hash = "sha256:f70481213373d44614148f0f2e38e7905be3f021902ae5167289413196de4ba4"},
    {file = "hiredis-2.3.2-cp311-cp311-manylinux_2_17_x86_64.manylinux2014_x86_64.whl", hash = "sha256:eb8797b528c1ff81eef06713623562b36db3dafa106b59f83a6468df788ff0d1"},
    {file = "hiredis-2.3.2-cp311-cp311-manylinux_2_5_i686.manylinux1_i686.manylinux_2_17_i686.manylinux2014_i686.whl", hash = "sha256:02fc71c8333586871602db4774d3a3e403b4ccf6446dc4603ec12df563127cee"},
    {file = "hiredis-2.3.2-cp311-cp311-musllinux_1_1_aarch64.whl", hash = "sha256:0da56915bda1e0a49157191b54d3e27689b70960f0685fdd5c415dacdee2fbed"},
    {file = "hiredis-2.3.2-cp311-cp311-musllinux_1_1_i686.whl", hash = "sha256:e2674a5a3168349435b08fa0b82998ed2536eb9acccf7087efe26e4cd088a525"},
    {file = "hiredis-2.3.2-cp311-cp311-musllinux_1_1_ppc64le.whl", hash = "sha256:dc1c3fd49930494a67dcec37d0558d99d84eca8eb3f03b17198424538f2608d7"},
    {file = "hiredis-2.3.2-cp311-cp311-musllinux_1_1_s390x.whl", hash = "sha256:14c7b43205e515f538a9defb4e411e0f0576caaeeda76bb9993ed505486f7562"},
    {file = "hiredis-2.3.2-cp311-cp311-musllinux_1_1_x86_64.whl", hash = "sha256:7bac7e02915b970c3723a7a7c5df4ba7a11a3426d2a3f181e041aa506a1ff028"},
    {file = "hiredis-2.3.2-cp311-cp311-win32.whl", hash = "sha256:63a090761ddc3c1f7db5e67aa4e247b4b3bb9890080bdcdadd1b5200b8b89ac4"},
    {file = "hiredis-2.3.2-cp311-cp311-win_amd64.whl", hash = "sha256:70d226ab0306a5b8d408235cabe51d4bf3554c9e8a72d53ce0b3c5c84cf78881"},
    {file = "hiredis-2.3.2-cp312-cp312-macosx_10_15_universal2.whl", hash = "sha256:5c614552c6bd1d0d907f448f75550f6b24fb56cbfce80c094908b7990cad9702"},
    {file = "hiredis-2.3.2-cp312-cp312-macosx_10_15_x86_64.whl", hash = "sha256:9c431431abf55b64347ddc8df68b3ef840269cb0aa5bc2d26ad9506eb4b1b866"},
    {file = "hiredis-2.3.2-cp312-cp312-macosx_11_0_arm64.whl", hash = "sha256:a45857e87e9d2b005e81ddac9d815a33efd26ec67032c366629f023fe64fb415"},
    {file = "hiredis-2.3.2-cp312-cp312-manylinux_2_17_aarch64.manylinux2014_aarch64.whl", hash = "sha256:e138d141ec5a6ec800b6d01ddc3e5561ce1c940215e0eb9960876bfde7186aae"},
    {file = "hiredis-2.3.2-cp312-cp312-manylinux_2_17_ppc64le.manylinux2014_ppc64le.whl", hash = "sha256:387f655444d912a963ab68abf64bf6e178a13c8e4aa945cb27388fd01a02e6f1"},
    {file = "hiredis-2.3.2-cp312-cp312-manylinux_2_17_s390x.manylinux2014_s390x.whl", hash = "sha256:4852f4bf88f0e2d9bdf91279892f5740ed22ae368335a37a52b92a5c88691140"},
    {file = "hiredis-2.3.2-cp312-cp312-manylinux_2_17_x86_64.manylinux2014_x86_64.whl", hash = "sha256:d711c107e83117129b7f8bd08e9820c43ceec6204fff072a001fd82f6d13db9f"},
    {file = "hiredis-2.3.2-cp312-cp312-manylinux_2_5_i686.manylinux1_i686.manylinux_2_17_i686.manylinux2014_i686.whl", hash = "sha256:92830c16885f29163e1c2da1f3c1edb226df1210ec7e8711aaabba3dd0d5470a"},
    {file = "hiredis-2.3.2-cp312-cp312-musllinux_1_1_aarch64.whl", hash = "sha256:16b01d9ceae265d4ab9547be0cd628ecaff14b3360357a9d30c029e5ae8b7e7f"},
    {file = "hiredis-2.3.2-cp312-cp312-musllinux_1_1_i686.whl", hash = "sha256:5986fb5f380169270a0293bebebd95466a1c85010b4f1afc2727e4d17c452512"},
    {file = "hiredis-2.3.2-cp312-cp312-musllinux_1_1_ppc64le.whl", hash = "sha256:49532d7939cc51f8e99efc326090c54acf5437ed88b9c904cc8015b3c4eda9c9"},
    {file = "hiredis-2.3.2-cp312-cp312-musllinux_1_1_s390x.whl", hash = "sha256:8f34801b251ca43ad70691fb08b606a2e55f06b9c9fb1fc18fd9402b19d70f7b"},
    {file = "hiredis-2.3.2-cp312-cp312-musllinux_1_1_x86_64.whl", hash = "sha256:7298562a49d95570ab1c7fc4051e72824c6a80e907993a21a41ba204223e7334"},
    {file = "hiredis-2.3.2-cp312-cp312-win32.whl", hash = "sha256:e1d86b75de787481b04d112067a4033e1ecfda2a060e50318a74e4e1c9b2948c"},
    {file = "hiredis-2.3.2-cp312-cp312-win_amd64.whl", hash = "sha256:6dbfe1887ffa5cf3030451a56a8f965a9da2fa82b7149357752b67a335a05fc6"},
    {file = "hiredis-2.3.2-cp37-cp37m-macosx_10_15_x86_64.whl", hash = "sha256:4fc242e9da4af48714199216eb535b61e8f8d66552c8819e33fc7806bd465a09"},
    {file = "hiredis-2.3.2-cp37-cp37m-manylinux_2_17_aarch64.manylinux2014_aarch64.whl", hash = "sha256:e81aa4e9a1fcf604c8c4b51aa5d258e195a6ba81efe1da82dea3204443eba01c"},
    {file = "hiredis-2.3.2-cp37-cp37m-manylinux_2_17_ppc64le.manylinux2014_ppc64le.whl", hash = "sha256:419780f8583ddb544ffa86f9d44a7fcc183cd826101af4e5ffe535b6765f5f6b"},
    {file = "hiredis-2.3.2-cp37-cp37m-manylinux_2_17_s390x.manylinux2014_s390x.whl", hash = "sha256:6871306d8b98a15e53a5f289ec1106a3a1d43e7ab6f4d785f95fcef9a7bd9504"},
    {file = "hiredis-2.3.2-cp37-cp37m-manylinux_2_17_x86_64.manylinux2014_x86_64.whl", hash = "sha256:88cb0b35b63717ef1e41d62f4f8717166f7c6245064957907cfe177cc144357c"},
    {file = "hiredis-2.3.2-cp37-cp37m-manylinux_2_5_i686.manylinux1_i686.manylinux_2_17_i686.manylinux2014_i686.whl", hash = "sha256:8c490191fa1218851f8a80c5a21a05a6f680ac5aebc2e688b71cbfe592f8fec6"},
    {file = "hiredis-2.3.2-cp37-cp37m-musllinux_1_1_aarch64.whl", hash = "sha256:4baf4b579b108062e91bd2a991dc98b9dc3dc06e6288db2d98895eea8acbac22"},
    {file = "hiredis-2.3.2-cp37-cp37m-musllinux_1_1_i686.whl", hash = "sha256:e627d8ef5e100556e09fb44c9571a432b10e11596d3c4043500080ca9944a91a"},
    {file = "hiredis-2.3.2-cp37-cp37m-musllinux_1_1_ppc64le.whl", hash = "sha256:ba3dc0af0def8c21ce7d903c59ea1e8ec4cb073f25ece9edaec7f92a286cd219"},
    {file = "hiredis-2.3.2-cp37-cp37m-musllinux_1_1_s390x.whl", hash = "sha256:56e9b7d6051688ca94e68c0c8a54a243f8db841911b683cedf89a29d4de91509"},
    {file = "hiredis-2.3.2-cp37-cp37m-musllinux_1_1_x86_64.whl", hash = "sha256:380e029bb4b1d34cf560fcc8950bf6b57c2ef0c9c8b7c7ac20b7c524a730fadd"},
    {file = "hiredis-2.3.2-cp37-cp37m-win32.whl", hash = "sha256:948d9f2ca7841794dd9b204644963a4bcd69ced4e959b0d4ecf1b8ce994a6daa"},
    {file = "hiredis-2.3.2-cp37-cp37m-win_amd64.whl", hash = "sha256:cfa67afe2269b2d203cd1389c00c5bc35a287cd57860441fb0e53b371ea6a029"},
    {file = "hiredis-2.3.2-cp38-cp38-macosx_10_15_universal2.whl", hash = "sha256:bcbe47da0aebc00a7cfe3ebdcff0373b86ce2b1856251c003e3d69c9db44b5a7"},
    {file = "hiredis-2.3.2-cp38-cp38-macosx_10_15_x86_64.whl", hash = "sha256:f2c9c0d910dd3f7df92f0638e7f65d8edd7f442203caf89c62fc79f11b0b73f8"},
    {file = "hiredis-2.3.2-cp38-cp38-macosx_11_0_arm64.whl", hash = "sha256:01b6c24c0840ac7afafbc4db236fd55f56a9a0919a215c25a238f051781f4772"},
    {file = "hiredis-2.3.2-cp38-cp38-manylinux_2_17_aarch64.manylinux2014_aarch64.whl", hash = "sha256:c1f567489f422d40c21e53212a73bef4638d9f21043848150f8544ef1f3a6ad1"},
    {file = "hiredis-2.3.2-cp38-cp38-manylinux_2_17_ppc64le.manylinux2014_ppc64le.whl", hash = "sha256:28adecb308293e705e44087a1c2d557a816f032430d8a2a9bb7873902a1c6d48"},
    {file = "hiredis-2.3.2-cp38-cp38-manylinux_2_17_s390x.manylinux2014_s390x.whl", hash = "sha256:27e9619847e9dc70b14b1ad2d0fb4889e7ca18996585c3463cff6c951fd6b10b"},
    {file = "hiredis-2.3.2-cp38-cp38-manylinux_2_17_x86_64.manylinux2014_x86_64.whl", hash = "sha256:9a0026cfbf29f07649b0e34509091a2a6016ff8844b127de150efce1c3aff60b"},
    {file = "hiredis-2.3.2-cp38-cp38-manylinux_2_5_i686.manylinux1_i686.manylinux_2_17_i686.manylinux2014_i686.whl", hash = "sha256:f9de7586522e5da6bee83c9cf0dcccac0857a43249cb4d721a2e312d98a684d1"},
    {file = "hiredis-2.3.2-cp38-cp38-musllinux_1_1_aarch64.whl", hash = "sha256:e58494f282215fc461b06709e9a195a24c12ba09570f25bdf9efb036acc05101"},
    {file = "hiredis-2.3.2-cp38-cp38-musllinux_1_1_i686.whl", hash = "sha256:de3a32b4b76d46f1eb42b24a918d51d8ca52411a381748196241d59a895f7c5c"},
    {file = "hiredis-2.3.2-cp38-cp38-musllinux_1_1_ppc64le.whl", hash = "sha256:1979334ccab21a49c544cd1b8d784ffb2747f99a51cb0bd0976eebb517628382"},
    {file = "hiredis-2.3.2-cp38-cp38-musllinux_1_1_s390x.whl", hash = "sha256:0c0773266e1c38a06e7593bd08870ac1503f5f0ce0f5c63f2b4134b090b5d6a4"},
    {file = "hiredis-2.3.2-cp38-cp38-musllinux_1_1_x86_64.whl", hash = "sha256:bd1cee053416183adcc8e6134704c46c60c3f66b8faaf9e65bf76191ca59a2f7"},
    {file = "hiredis-2.3.2-cp38-cp38-win32.whl", hash = "sha256:5341ce3d01ef3c7418a72e370bf028c7aeb16895e79e115fe4c954fff990489e"},
    {file = "hiredis-2.3.2-cp38-cp38-win_amd64.whl", hash = "sha256:8fc7197ff33047ce43a67851ccf190acb5b05c52fd4a001bb55766358f04da68"},
    {file = "hiredis-2.3.2-cp39-cp39-macosx_10_15_universal2.whl", hash = "sha256:f47775e27388b58ce52f4f972f80e45b13c65113e9e6b6bf60148f893871dc9b"},
    {file = "hiredis-2.3.2-cp39-cp39-macosx_10_15_x86_64.whl", hash = "sha256:9412a06b8a8e09abd6313d96864b6d7713c6003a365995a5c70cfb9209df1570"},
    {file = "hiredis-2.3.2-cp39-cp39-macosx_11_0_arm64.whl", hash = "sha256:f3020b60e3fc96d08c2a9b011f1c2e2a6bdcc09cb55df93c509b88be5cb791df"},
    {file = "hiredis-2.3.2-cp39-cp39-manylinux_2_17_aarch64.manylinux2014_aarch64.whl", hash = "sha256:53d0f2c59bce399b8010a21bc779b4f8c32d0f582b2284ac8c98dc7578b27bc4"},
    {file = "hiredis-2.3.2-cp39-cp39-manylinux_2_17_ppc64le.manylinux2014_ppc64le.whl", hash = "sha256:57c0d0c7e308ed5280a4900d4468bbfec51f0e1b4cde1deae7d4e639bc6b7766"},
    {file = "hiredis-2.3.2-cp39-cp39-manylinux_2_17_s390x.manylinux2014_s390x.whl", hash = "sha256:1d63318ca189fddc7e75f6a4af8eae9c0545863619fb38cfba5f43e81280b286"},
    {file = "hiredis-2.3.2-cp39-cp39-manylinux_2_17_x86_64.manylinux2014_x86_64.whl", hash = "sha256:e741ffe4e2db78a1b9dd6e5d29678ce37fbaaf65dfe132e5b82a794413302ef1"},
    {file = "hiredis-2.3.2-cp39-cp39-manylinux_2_5_i686.manylinux1_i686.manylinux_2_17_i686.manylinux2014_i686.whl", hash = "sha256:eb98038ccd368e0d88bd92ee575c58cfaf33e77f788c36b2a89a84ee1936dc6b"},
    {file = "hiredis-2.3.2-cp39-cp39-musllinux_1_1_aarch64.whl", hash = "sha256:eae62ed60d53b3561148bcd8c2383e430af38c0deab9f2dd15f8874888ffd26f"},
    {file = "hiredis-2.3.2-cp39-cp39-musllinux_1_1_i686.whl", hash = "sha256:ca33c175c1cf60222d9c6d01c38fc17ec3a484f32294af781de30226b003e00f"},
    {file = "hiredis-2.3.2-cp39-cp39-musllinux_1_1_ppc64le.whl", hash = "sha256:0c5f6972d2bdee3cd301d5c5438e31195cf1cabf6fd9274491674d4ceb46914d"},
    {file = "hiredis-2.3.2-cp39-cp39-musllinux_1_1_s390x.whl", hash = "sha256:a6b54dabfaa5dbaa92f796f0c32819b4636e66aa8e9106c3d421624bd2a2d676"},
    {file = "hiredis-2.3.2-cp39-cp39-musllinux_1_1_x86_64.whl", hash = "sha256:e96cd35df012a17c87ae276196ea8f215e77d6eeca90709eb03999e2d5e3fd8a"},
    {file = "hiredis-2.3.2-cp39-cp39-win32.whl", hash = "sha256:63b99b5ea9fe4f21469fb06a16ca5244307678636f11917359e3223aaeca0b67"},
    {file = "hiredis-2.3.2-cp39-cp39-win_amd64.whl", hash = "sha256:a50c8af811b35b8a43b1590cf890b61ff2233225257a3cad32f43b3ec7ff1b9f"},
    {file = "hiredis-2.3.2-pp310-pypy310_pp73-macosx_10_15_x86_64.whl", hash = "sha256:7e8bf4444b09419b77ce671088db9f875b26720b5872d97778e2545cd87dba4a"},
    {file = "hiredis-2.3.2-pp310-pypy310_pp73-manylinux_2_17_aarch64.manylinux2014_aarch64.whl", hash = "sha256:5bd42d0d45ea47a2f96babd82a659fbc60612ab9423a68e4a8191e538b85542a"},
    {file = "hiredis-2.3.2-pp310-pypy310_pp73-manylinux_2_17_x86_64.manylinux2014_x86_64.whl", hash = "sha256:80441b55edbef868e2563842f5030982b04349408396e5ac2b32025fb06b5212"},
    {file = "hiredis-2.3.2-pp310-pypy310_pp73-manylinux_2_5_i686.manylinux1_i686.manylinux_2_17_i686.manylinux2014_i686.whl", hash = "sha256:ec444ab8f27562a363672d6a7372bc0700a1bdc9764563c57c5f9efa0e592b5f"},
    {file = "hiredis-2.3.2-pp310-pypy310_pp73-win_amd64.whl", hash = "sha256:f9f606e810858207d4b4287b4ef0dc622c2aa469548bf02b59dcc616f134f811"},
    {file = "hiredis-2.3.2-pp37-pypy37_pp73-macosx_10_15_x86_64.whl", hash = "sha256:c3dde4ca00fe9eee3b76209711f1941bb86db42b8a75d7f2249ff9dfc026ab0e"},
    {file = "hiredis-2.3.2-pp37-pypy37_pp73-manylinux_2_17_aarch64.manylinux2014_aarch64.whl", hash = "sha256:d4dd676107a1d3c724a56a9d9db38166ad4cf44f924ee701414751bd18a784a0"},
    {file = "hiredis-2.3.2-pp37-pypy37_pp73-manylinux_2_17_x86_64.manylinux2014_x86_64.whl", hash = "sha256:ce42649e2676ad783186264d5ffc788a7612ecd7f9effb62d51c30d413a3eefe"},
    {file = "hiredis-2.3.2-pp37-pypy37_pp73-manylinux_2_5_i686.manylinux1_i686.manylinux_2_17_i686.manylinux2014_i686.whl", hash = "sha256:8e3f8b1733078ac663dad57e20060e16389a60ab542f18a97931f3a2a2dd64a4"},
    {file = "hiredis-2.3.2-pp37-pypy37_pp73-win_amd64.whl", hash = "sha256:532a84a82156a82529ec401d1c25d677c6543c791e54a263aa139541c363995f"},
    {file = "hiredis-2.3.2-pp38-pypy38_pp73-macosx_10_15_x86_64.whl", hash = "sha256:4d59f88c4daa36b8c38e59ac7bffed6f5d7f68eaccad471484bf587b28ccc478"},
    {file = "hiredis-2.3.2-pp38-pypy38_pp73-manylinux_2_17_aarch64.manylinux2014_aarch64.whl", hash = "sha256:a91a14dd95e24dc078204b18b0199226ee44644974c645dc54ee7b00c3157330"},
    {file = "hiredis-2.3.2-pp38-pypy38_pp73-manylinux_2_17_x86_64.manylinux2014_x86_64.whl", hash = "sha256:bb777a38797c8c7df0444533119570be18d1a4ce5478dffc00c875684df7bfcb"},
    {file = "hiredis-2.3.2-pp38-pypy38_pp73-manylinux_2_5_i686.manylinux1_i686.manylinux_2_17_i686.manylinux2014_i686.whl", hash = "sha256:d47c915897a99d0d34a39fad4be97b4b709ab3d0d3b779ebccf2b6024a8c681e"},
    {file = "hiredis-2.3.2-pp38-pypy38_pp73-win_amd64.whl", hash = "sha256:333b5e04866758b11bda5f5315b4e671d15755fc6ed3b7969721bc6311d0ee36"},
    {file = "hiredis-2.3.2-pp39-pypy39_pp73-macosx_10_15_x86_64.whl", hash = "sha256:c8937f1100435698c18e4da086968c4b5d70e86ea718376f833475ab3277c9aa"},
    {file = "hiredis-2.3.2-pp39-pypy39_pp73-manylinux_2_17_aarch64.manylinux2014_aarch64.whl", hash = "sha256:fa45f7d771094b8145af10db74704ab0f698adb682fbf3721d8090f90e42cc49"},
    {file = "hiredis-2.3.2-pp39-pypy39_pp73-manylinux_2_17_x86_64.manylinux2014_x86_64.whl", hash = "sha256:33d5ebc93c39aed4b5bc769f8ce0819bc50e74bb95d57a35f838f1c4378978e0"},
    {file = "hiredis-2.3.2-pp39-pypy39_pp73-manylinux_2_5_i686.manylinux1_i686.manylinux_2_17_i686.manylinux2014_i686.whl", hash = "sha256:a797d8c7df9944314d309b0d9e1b354e2fa4430a05bb7604da13b6ad291bf959"},
    {file = "hiredis-2.3.2-pp39-pypy39_pp73-win_amd64.whl", hash = "sha256:e15a408f71a6c8c87b364f1f15a6cd9c1baca12bbc47a326ac8ab99ec7ad3c64"},
    {file = "hiredis-2.3.2.tar.gz", hash = "sha256:733e2456b68f3f126ddaf2cd500a33b25146c3676b97ea843665717bda0c5d43"},
]

[[package]]
name = "kombu"
version = "5.3.5"
description = "Messaging library for Python."
optional = false
python-versions = ">=3.8"
files = [
    {file = "kombu-5.3.5-py3-none-any.whl", hash = "sha256:0eac1bbb464afe6fb0924b21bf79460416d25d8abc52546d4f16cad94f789488"},
    {file = "kombu-5.3.5.tar.gz", hash = "sha256:30e470f1a6b49c70dc6f6d13c3e4cc4e178aa6c469ceb6bcd55645385fc84b93"},
]

[package.dependencies]
amqp = ">=5.1.1,<6.0.0"
vine = "*"

[package.extras]
azureservicebus = ["azure-servicebus (>=7.10.0)"]
azurestoragequeues = ["azure-identity (>=1.12.0)", "azure-storage-queue (>=12.6.0)"]
confluentkafka = ["confluent-kafka (>=2.2.0)"]
consul = ["python-consul2"]
librabbitmq = ["librabbitmq (>=2.0.0)"]
mongodb = ["pymongo (>=4.1.1)"]
msgpack = ["msgpack"]
pyro = ["pyro4"]
qpid = ["qpid-python (>=0.26)", "qpid-tools (>=0.26)"]
redis = ["redis (>=4.5.2,!=4.5.5,<6.0.0)"]
slmq = ["softlayer-messaging (>=1.0.3)"]
sqlalchemy = ["sqlalchemy (>=1.4.48,<2.1)"]
sqs = ["boto3 (>=1.26.143)", "pycurl (>=7.43.0.5)", "urllib3 (>=1.26.16)"]
yaml = ["PyYAML (>=3.10)"]
zookeeper = ["kazoo (>=2.8.0)"]

[[package]]
name = "mypy"
version = "1.8.0"
description = "Optional static typing for Python"
optional = false
python-versions = ">=3.8"
files = [
    {file = "mypy-1.8.0-cp310-cp310-macosx_10_9_x86_64.whl", hash = "sha256:485a8942f671120f76afffff70f259e1cd0f0cfe08f81c05d8816d958d4577d3"},
    {file = "mypy-1.8.0-cp310-cp310-macosx_11_0_arm64.whl", hash = "sha256:df9824ac11deaf007443e7ed2a4a26bebff98d2bc43c6da21b2b64185da011c4"},
    {file = "mypy-1.8.0-cp310-cp310-manylinux_2_17_x86_64.manylinux2014_x86_64.whl", hash = "sha256:2afecd6354bbfb6e0160f4e4ad9ba6e4e003b767dd80d85516e71f2e955ab50d"},
    {file = "mypy-1.8.0-cp310-cp310-musllinux_1_1_x86_64.whl", hash = "sha256:8963b83d53ee733a6e4196954502b33567ad07dfd74851f32be18eb932fb1cb9"},
    {file = "mypy-1.8.0-cp310-cp310-win_amd64.whl", hash = "sha256:e46f44b54ebddbeedbd3d5b289a893219065ef805d95094d16a0af6630f5d410"},
    {file = "mypy-1.8.0-cp311-cp311-macosx_10_9_x86_64.whl", hash = "sha256:855fe27b80375e5c5878492f0729540db47b186509c98dae341254c8f45f42ae"},
    {file = "mypy-1.8.0-cp311-cp311-macosx_11_0_arm64.whl", hash = "sha256:4c886c6cce2d070bd7df4ec4a05a13ee20c0aa60cb587e8d1265b6c03cf91da3"},
    {file = "mypy-1.8.0-cp311-cp311-manylinux_2_17_x86_64.manylinux2014_x86_64.whl", hash = "sha256:d19c413b3c07cbecf1f991e2221746b0d2a9410b59cb3f4fb9557f0365a1a817"},
    {file = "mypy-1.8.0-cp311-cp311-musllinux_1_1_x86_64.whl", hash = "sha256:9261ed810972061388918c83c3f5cd46079d875026ba97380f3e3978a72f503d"},
    {file = "mypy-1.8.0-cp311-cp311-win_amd64.whl", hash = "sha256:51720c776d148bad2372ca21ca29256ed483aa9a4cdefefcef49006dff2a6835"},
    {file = "mypy-1.8.0-cp312-cp312-macosx_10_9_x86_64.whl", hash = "sha256:52825b01f5c4c1c4eb0db253ec09c7aa17e1a7304d247c48b6f3599ef40db8bd"},
    {file = "mypy-1.8.0-cp312-cp312-macosx_11_0_arm64.whl", hash = "sha256:f5ac9a4eeb1ec0f1ccdc6f326bcdb464de5f80eb07fb38b5ddd7b0de6bc61e55"},
    {file = "mypy-1.8.0-cp312-cp312-manylinux_2_17_x86_64.manylinux2014_x86_64.whl", hash = "sha256:afe3fe972c645b4632c563d3f3eff1cdca2fa058f730df2b93a35e3b0c538218"},
    {file = "mypy-1.8.0-cp312-cp312-musllinux_1_1_x86_64.whl", hash = "sha256:42c6680d256ab35637ef88891c6bd02514ccb7e1122133ac96055ff458f93fc3"},
    {file = "mypy-1.8.0-cp312-cp312-win_amd64.whl", hash = "sha256:720a5ca70e136b675af3af63db533c1c8c9181314d207568bbe79051f122669e"},
    {file = "mypy-1.8.0-cp38-cp38-macosx_10_9_x86_64.whl", hash = "sha256:028cf9f2cae89e202d7b6593cd98db6759379f17a319b5faf4f9978d7084cdc6"},
    {file = "mypy-1.8.0-cp38-cp38-macosx_11_0_arm64.whl", hash = "sha256:4e6d97288757e1ddba10dd9549ac27982e3e74a49d8d0179fc14d4365c7add66"},
    {file = "mypy-1.8.0-cp38-cp38-manylinux_2_17_x86_64.manylinux2014_x86_64.whl", hash = "sha256:7f1478736fcebb90f97e40aff11a5f253af890c845ee0c850fe80aa060a267c6"},
    {file = "mypy-1.8.0-cp38-cp38-musllinux_1_1_x86_64.whl", hash = "sha256:42419861b43e6962a649068a61f4a4839205a3ef525b858377a960b9e2de6e0d"},
    {file = "mypy-1.8.0-cp38-cp38-win_amd64.whl", hash = "sha256:2b5b6c721bd4aabaadead3a5e6fa85c11c6c795e0c81a7215776ef8afc66de02"},
    {file = "mypy-1.8.0-cp39-cp39-macosx_10_9_x86_64.whl", hash = "sha256:5c1538c38584029352878a0466f03a8ee7547d7bd9f641f57a0f3017a7c905b8"},
    {file = "mypy-1.8.0-cp39-cp39-macosx_11_0_arm64.whl", hash = "sha256:4ef4be7baf08a203170f29e89d79064463b7fc7a0908b9d0d5114e8009c3a259"},
    {file = "mypy-1.8.0-cp39-cp39-manylinux_2_17_x86_64.manylinux2014_x86_64.whl", hash = "sha256:7178def594014aa6c35a8ff411cf37d682f428b3b5617ca79029d8ae72f5402b"},
    {file = "mypy-1.8.0-cp39-cp39-musllinux_1_1_x86_64.whl", hash = "sha256:ab3c84fa13c04aeeeabb2a7f67a25ef5d77ac9d6486ff33ded762ef353aa5592"},
    {file = "mypy-1.8.0-cp39-cp39-win_amd64.whl", hash = "sha256:99b00bc72855812a60d253420d8a2eae839b0afa4938f09f4d2aa9bb4654263a"},
    {file = "mypy-1.8.0-py3-none-any.whl", hash = "sha256:538fd81bb5e430cc1381a443971c0475582ff9f434c16cd46d2c66763ce85d9d"},
    {file = "mypy-1.8.0.tar.gz", hash = "sha256:6ff8b244d7085a0b425b56d327b480c3b29cafbd2eff27316a004f9a7391ae07"},
]

[package.dependencies]
mypy-extensions = ">=1.0.0"
typing-extensions = ">=4.1.0"

[package.extras]
dmypy = ["psutil (>=4.0)"]
install-types = ["pip"]
mypyc = ["setuptools (>=50)"]
reports = ["lxml"]

[[package]]
name = "mypy-extensions"
version = "1.0.0"
description = "Type system extensions for programs checked with the mypy type checker."
optional = false
python-versions = ">=3.5"
files = [
    {file = "mypy_extensions-1.0.0-py3-none-any.whl", hash = "sha256:4392f6c0eb8a5668a69e23d168ffa70f0be9ccfd32b5cc2d26a34ae5b844552d"},
    {file = "mypy_extensions-1.0.0.tar.gz", hash = "sha256:75dbf8955dc00442a438fc4d0666508a9a97b6bd41aa2f0ffe9d2f2725af0782"},
]

[[package]]
name = "pika"
version = "1.3.2"
description = "Pika Python AMQP Client Library"
optional = false
python-versions = ">=3.7"
files = [
    {file = "pika-1.3.2-py3-none-any.whl", hash = "sha256:0779a7c1fafd805672796085560d290213a465e4f6f76a6fb19e378d8041a14f"},
    {file = "pika-1.3.2.tar.gz", hash = "sha256:b2a327ddddf8570b4965b3576ac77091b850262d34ce8c1d8cb4e4146aa4145f"},
]

[package.extras]
gevent = ["gevent"]
tornado = ["tornado"]
twisted = ["twisted"]

[[package]]
name = "prompt-toolkit"
version = "3.0.43"
description = "Library for building powerful interactive command lines in Python"
optional = false
python-versions = ">=3.7.0"
files = [
    {file = "prompt_toolkit-3.0.43-py3-none-any.whl", hash = "sha256:a11a29cb3bf0a28a387fe5122cdb649816a957cd9261dcedf8c9f1fef33eacf6"},
    {file = "prompt_toolkit-3.0.43.tar.gz", hash = "sha256:3527b7af26106cbc65a040bcc84839a3566ec1b051bb0bfe953631e704b0ff7d"},
]

[package.dependencies]
wcwidth = "*"

[[package]]
name = "psycopg"
version = "3.1.17"
description = "PostgreSQL database adapter for Python"
optional = false
python-versions = ">=3.7"
files = [
    {file = "psycopg-3.1.17-py3-none-any.whl", hash = "sha256:96b7b13af6d5a514118b759a66b2799a8a4aa78675fa6bb0d3f7d52d67eff002"},
    {file = "psycopg-3.1.17.tar.gz", hash = "sha256:437e7d7925459f21de570383e2e10542aceb3b9cb972ce957fdd3826ca47edc6"},
]

[package.dependencies]
typing-extensions = ">=4.1"
tzdata = {version = "*", markers = "sys_platform == \"win32\""}

[package.extras]
binary = ["psycopg-binary (==3.1.17)"]
c = ["psycopg-c (==3.1.17)"]
dev = ["black (>=23.1.0)", "codespell (>=2.2)", "dnspython (>=2.1)", "flake8 (>=4.0)", "mypy (>=1.4.1)", "types-setuptools (>=57.4)", "wheel (>=0.37)"]
docs = ["Sphinx (>=5.0)", "furo (==2022.6.21)", "sphinx-autobuild (>=2021.3.14)", "sphinx-autodoc-typehints (>=1.12)"]
pool = ["psycopg-pool"]
test = ["anyio (>=3.6.2,<4.0)", "mypy (>=1.4.1)", "pproxy (>=2.7)", "pytest (>=6.2.5)", "pytest-cov (>=3.0)", "pytest-randomly (>=3.5)"]

[[package]]
name = "psycopg-binary"
version = "3.1.17"
description = "PostgreSQL database adapter for Python -- C optimisation distribution"
optional = false
python-versions = ">=3.7"
files = [
    {file = "psycopg_binary-3.1.17-cp310-cp310-macosx_10_9_x86_64.whl", hash = "sha256:f9ba559eabb0ba1afd4e0504fa0b10e00a212cac0c4028b8a1c3b087b5c1e5de"},
    {file = "psycopg_binary-3.1.17-cp310-cp310-macosx_11_0_arm64.whl", hash = "sha256:2b2a689eaede08cf91a36b10b0da6568dd6e4669200f201e082639816737992b"},
    {file = "psycopg_binary-3.1.17-cp310-cp310-manylinux_2_17_aarch64.manylinux2014_aarch64.whl", hash = "sha256:a16abab0c1abc58feb6ab11d78d0f8178a67c3586bd70628ec7c0218ec04c4ef"},
    {file = "psycopg_binary-3.1.17-cp310-cp310-manylinux_2_17_i686.manylinux2014_i686.whl", hash = "sha256:73e7097b81cad9ae358334e3cec625246bb3b8013ae6bb287758dd6435e12f65"},
    {file = "psycopg_binary-3.1.17-cp310-cp310-manylinux_2_17_ppc64le.manylinux2014_ppc64le.whl", hash = "sha256:67a5b93101bc85a95a189c0a23d02a29cf06c1080a695a0dedfdd50dd734662a"},
    {file = "psycopg_binary-3.1.17-cp310-cp310-manylinux_2_17_x86_64.manylinux2014_x86_64.whl", hash = "sha256:751b31c2faae0348f87f22b45ef58f704bdcfc2abdd680fa0c743c124071157e"},
    {file = "psycopg_binary-3.1.17-cp310-cp310-musllinux_1_1_aarch64.whl", hash = "sha256:b447ea765e71bc33a82cf070bba814b1efa77967442d116b95ccef8ce5da7631"},
    {file = "psycopg_binary-3.1.17-cp310-cp310-musllinux_1_1_i686.whl", hash = "sha256:d2e9ed88d9a6a475c67bf70fc8285e88ccece0391727c7701e5a512e0eafbb05"},
    {file = "psycopg_binary-3.1.17-cp310-cp310-musllinux_1_1_ppc64le.whl", hash = "sha256:a89f36bf7b612ff6ed3e789bd987cbd0787cf0d66c49386fa3bad816dd7bee87"},
    {file = "psycopg_binary-3.1.17-cp310-cp310-musllinux_1_1_x86_64.whl", hash = "sha256:5ccbe8b2ec444763a51ecb1213befcbb75defc1ef36e7dd5dff501a23d7ce8cf"},
    {file = "psycopg_binary-3.1.17-cp310-cp310-win_amd64.whl", hash = "sha256:adb670031b27949c9dc5cf585c4a5a6b4469d3879fd2fb9d39b6d53e5f66b9bc"},
    {file = "psycopg_binary-3.1.17-cp311-cp311-macosx_10_9_x86_64.whl", hash = "sha256:0227885686c2cc0104ceb22d6eebc732766e9ad48710408cb0123237432e5435"},
    {file = "psycopg_binary-3.1.17-cp311-cp311-macosx_11_0_arm64.whl", hash = "sha256:9124b6db07e8d8b11f4512b8b56cbe136bf1b7d0417d1280e62291a9dcad4408"},
    {file = "psycopg_binary-3.1.17-cp311-cp311-manylinux_2_17_aarch64.manylinux2014_aarch64.whl", hash = "sha256:c8a46f77ba0ca7c5a5449b777170a518fa7820e1710edb40e777c9798f00d033"},
    {file = "psycopg_binary-3.1.17-cp311-cp311-manylinux_2_17_i686.manylinux2014_i686.whl", hash = "sha256:5f5f5bcbb772d8c243d605fc7151beec760dd27532d42145a58fb74ef9c5fbf2"},
    {file = "psycopg_binary-3.1.17-cp311-cp311-manylinux_2_17_ppc64le.manylinux2014_ppc64le.whl", hash = "sha256:267a82548c21476120e43dc72b961f1af52c380c0b4c951bdb34cf14cb26bd35"},
    {file = "psycopg_binary-3.1.17-cp311-cp311-manylinux_2_17_x86_64.manylinux2014_x86_64.whl", hash = "sha256:4b20013051f1fd7d02b8d0766cfe8d009e8078babc00a6d39bc7e2d50a7b96af"},
    {file = "psycopg_binary-3.1.17-cp311-cp311-musllinux_1_1_aarch64.whl", hash = "sha256:8c5c38129cc79d7e3ba553035b9962a442171e9f97bb1b8795c0885213f206f3"},
    {file = "psycopg_binary-3.1.17-cp311-cp311-musllinux_1_1_i686.whl", hash = "sha256:d01c4faae66de60fcd3afd3720dcc8ffa03bc2087f898106da127774db12aac5"},
    {file = "psycopg_binary-3.1.17-cp311-cp311-musllinux_1_1_ppc64le.whl", hash = "sha256:e6ae27b0617ad3809449964b5e901b21acff8e306abacb8ba71d5ee7c8c47eeb"},
    {file = "psycopg_binary-3.1.17-cp311-cp311-musllinux_1_1_x86_64.whl", hash = "sha256:40af298b209dd77ca2f3e7eb3fbcfb87a25999fc015fcd14140bde030a164c7e"},
    {file = "psycopg_binary-3.1.17-cp311-cp311-win_amd64.whl", hash = "sha256:7b4e4c2b05f3b431e9026e82590b217e87696e7a7548f512ae8059d59fa8af3b"},
    {file = "psycopg_binary-3.1.17-cp312-cp312-macosx_10_9_x86_64.whl", hash = "sha256:ea425a8dcd808a7232a5417d2633bfa543da583a2701b5228e9e29989a50deda"},
    {file = "psycopg_binary-3.1.17-cp312-cp312-macosx_11_0_arm64.whl", hash = "sha256:a3f1196d76860e72d338fab0d2b6722e8d47e2285d693e366ae36011c4a5898a"},
    {file = "psycopg_binary-3.1.17-cp312-cp312-manylinux_2_17_aarch64.manylinux2014_aarch64.whl", hash = "sha256:e1e867c2a729348df218a14ba1b862e627177fd57c7b4f3db0b4c708f6d03696"},
    {file = "psycopg_binary-3.1.17-cp312-cp312-manylinux_2_17_i686.manylinux2014_i686.whl", hash = "sha256:b0711e46361ea3047cd049868419d030c8236a9dea7e9ed1f053cbd61a853ec9"},
    {file = "psycopg_binary-3.1.17-cp312-cp312-manylinux_2_17_ppc64le.manylinux2014_ppc64le.whl", hash = "sha256:d1c0115bdf80cf6c8c9109cb10cf6f650fd1a8d841f884925e8cb12f34eb5371"},
    {file = "psycopg_binary-3.1.17-cp312-cp312-manylinux_2_17_x86_64.manylinux2014_x86_64.whl", hash = "sha256:3d0d154c780cc7b28a3a0886e8a4b18689202a1dbb522b3c771eb3a1289cf7c3"},
    {file = "psycopg_binary-3.1.17-cp312-cp312-musllinux_1_1_aarch64.whl", hash = "sha256:f4028443bf25c1e04ecffdc552c0a98d826903dec76a1568dfddf5ebbbb03db7"},
    {file = "psycopg_binary-3.1.17-cp312-cp312-musllinux_1_1_i686.whl", hash = "sha256:bf424d92dd7e94705b31625b02d396297a7c8fab4b6f7de8dba6388323a7b71c"},
    {file = "psycopg_binary-3.1.17-cp312-cp312-musllinux_1_1_ppc64le.whl", hash = "sha256:00377f6963ee7e4bf71cab17c2c235ef0624df9483f3b615d86aa24cde889d42"},
    {file = "psycopg_binary-3.1.17-cp312-cp312-musllinux_1_1_x86_64.whl", hash = "sha256:9690a535d9ccd361bbc3590bfce7fe679e847f44fa7cc97f3b885f4744ca8a2c"},
    {file = "psycopg_binary-3.1.17-cp312-cp312-win_amd64.whl", hash = "sha256:6b2ae342d69684555bfe77aed5546d125b4a99012e0b83a8b3da68c8829f0935"},
    {file = "psycopg_binary-3.1.17-cp37-cp37m-macosx_10_9_x86_64.whl", hash = "sha256:86bb3656c8d744cc1e42003414cd6c765117d70aa23da6c0f4ff2b826e0fd0fd"},
    {file = "psycopg_binary-3.1.17-cp37-cp37m-manylinux_2_17_aarch64.manylinux2014_aarch64.whl", hash = "sha256:c10b7713e3ed31df7319c2a72d5fea5a2536476d7695a3e1d18a1f289060997c"},
    {file = "psycopg_binary-3.1.17-cp37-cp37m-manylinux_2_17_i686.manylinux2014_i686.whl", hash = "sha256:12eab8bc91b4ba01b2ecee3b5b80501934b198f6e1f8d4b13596f3f38ba6e762"},
    {file = "psycopg_binary-3.1.17-cp37-cp37m-manylinux_2_17_ppc64le.manylinux2014_ppc64le.whl", hash = "sha256:6a728beefd89b430ebe2729d04ba10e05036b5e9d01648da60436000d2fcd242"},
    {file = "psycopg_binary-3.1.17-cp37-cp37m-manylinux_2_17_x86_64.manylinux2014_x86_64.whl", hash = "sha256:61104b8e7a43babf2bbaa36c08e31a12023e2f967166e99d6b052b11a4c7db06"},
    {file = "psycopg_binary-3.1.17-cp37-cp37m-musllinux_1_1_aarch64.whl", hash = "sha256:02cd2eb62ffc56f8c847d68765cbf461b3d11b438fe48951e44b6c563ec27d18"},
    {file = "psycopg_binary-3.1.17-cp37-cp37m-musllinux_1_1_i686.whl", hash = "sha256:ca1757a6e080086f7234dc45684e81a47a66a6dd492a37d6ce38c58a1a93e9ff"},
    {file = "psycopg_binary-3.1.17-cp37-cp37m-musllinux_1_1_ppc64le.whl", hash = "sha256:6e3543edc18553e31a3884af3cd7eea43d6c44532d8b9b16f3e743cdf6cfe6c5"},
    {file = "psycopg_binary-3.1.17-cp37-cp37m-musllinux_1_1_x86_64.whl", hash = "sha256:914254849486e14aa931b0b3382cd16887f1507068ffba775cbdc5a55fe9ef19"},
    {file = "psycopg_binary-3.1.17-cp37-cp37m-win_amd64.whl", hash = "sha256:92fad8f1aa80a5ab316c0493dc6d1b54c1dba21937e43eea7296ff4a0ccc071e"},
    {file = "psycopg_binary-3.1.17-cp38-cp38-macosx_10_9_x86_64.whl", hash = "sha256:6d4f2e15d33ed4f9776fdf23683512d76f4e7825c4b80677e9e3ce6c1b193ff2"},
    {file = "psycopg_binary-3.1.17-cp38-cp38-macosx_11_0_arm64.whl", hash = "sha256:4fa26836ce074a1104249378727e1f239a01530f36bae16e77cf6c50968599b4"},
    {file = "psycopg_binary-3.1.17-cp38-cp38-manylinux_2_17_aarch64.manylinux2014_aarch64.whl", hash = "sha256:d54bcf2dfc0880bf13f38512d44b194c092794e4ee9e01d804bc6cd3eed9bfb7"},
    {file = "psycopg_binary-3.1.17-cp38-cp38-manylinux_2_17_i686.manylinux2014_i686.whl", hash = "sha256:7e28024204dc0c61094268c682041d2becfedfea2e3b46bed5f6138239304d98"},
    {file = "psycopg_binary-3.1.17-cp38-cp38-manylinux_2_17_ppc64le.manylinux2014_ppc64le.whl", hash = "sha256:0b1ec6895cab887b92c303565617f994c9b9db53befda81fa2a31b76fe8a3ab1"},
    {file = "psycopg_binary-3.1.17-cp38-cp38-manylinux_2_17_x86_64.manylinux2014_x86_64.whl", hash = "sha256:420c1eb1626539c261cf3fbe099998da73eb990f9ce1a34da7feda414012ea5f"},
    {file = "psycopg_binary-3.1.17-cp38-cp38-musllinux_1_1_aarch64.whl", hash = "sha256:83404a353240fdff5cfe9080665fdfdcaa2d4d0c5112e15b0a2fe2e59200ed57"},
    {file = "psycopg_binary-3.1.17-cp38-cp38-musllinux_1_1_i686.whl", hash = "sha256:a0c4ba73f9e7721dd6cc3e6953016652dbac206f654229b7a1a8ac182b16e689"},
    {file = "psycopg_binary-3.1.17-cp38-cp38-musllinux_1_1_ppc64le.whl", hash = "sha256:f6898bf1ca5aa01115807643138e3e20ec603b17a811026bc4a49d43055720a7"},
    {file = "psycopg_binary-3.1.17-cp38-cp38-musllinux_1_1_x86_64.whl", hash = "sha256:6b40fa54a02825d3d6a8009d9a82a2b4fad80387acf2b8fd6d398fd2813cb2d9"},
    {file = "psycopg_binary-3.1.17-cp38-cp38-win_amd64.whl", hash = "sha256:78ebb43dca7d5b41eee543cd005ee5a0256cecc74d84acf0fab4f025997b837e"},
    {file = "psycopg_binary-3.1.17-cp39-cp39-macosx_10_9_x86_64.whl", hash = "sha256:02ac573f5a6e79bb6df512b3a6279f01f033bbd45c47186e8872fee45f6681d0"},
    {file = "psycopg_binary-3.1.17-cp39-cp39-macosx_11_0_arm64.whl", hash = "sha256:704f6393d758b12a4369887fe956b2a8c99e4aced839d9084de8e3f056015d40"},
    {file = "psycopg_binary-3.1.17-cp39-cp39-manylinux_2_17_aarch64.manylinux2014_aarch64.whl", hash = "sha256:0340ef87a888fd940796c909e038426f4901046f61856598582a817162c64984"},
    {file = "psycopg_binary-3.1.17-cp39-cp39-manylinux_2_17_i686.manylinux2014_i686.whl", hash = "sha256:a880e4113af3ab84d6a0991e3f85a2424924c8a182733ab8d964421df8b5190a"},
    {file = "psycopg_binary-3.1.17-cp39-cp39-manylinux_2_17_ppc64le.manylinux2014_ppc64le.whl", hash = "sha256:93921178b9a40c60c26e47eb44970f88c49fe484aaa3bb7ec02bb8b514eab3d9"},
    {file = "psycopg_binary-3.1.17-cp39-cp39-manylinux_2_17_x86_64.manylinux2014_x86_64.whl", hash = "sha256:2a05400e9314fc30bc1364865ba9f6eaa2def42b5e7e67f71f9a4430f870023e"},
    {file = "psycopg_binary-3.1.17-cp39-cp39-musllinux_1_1_aarch64.whl", hash = "sha256:3e2cc2bbf37ff1cf11e8b871c294e3532636a3cf7f0c82518b7537158923d77b"},
    {file = "psycopg_binary-3.1.17-cp39-cp39-musllinux_1_1_i686.whl", hash = "sha256:a343261701a8f63f0d8268f7fd32be40ffe28d24b65d905404ca03e7281f7bb5"},
    {file = "psycopg_binary-3.1.17-cp39-cp39-musllinux_1_1_ppc64le.whl", hash = "sha256:dceb3930ec426623c0cacc78e447a90882981e8c49d6fea8d1e48850e24a0170"},
    {file = "psycopg_binary-3.1.17-cp39-cp39-musllinux_1_1_x86_64.whl", hash = "sha256:d613a23f8928f30acb2b6b2398cb7775ba9852e8968e15df13807ba0d3ebd565"},
    {file = "psycopg_binary-3.1.17-cp39-cp39-win_amd64.whl", hash = "sha256:d90c0531e9d591bde8cea04e75107fcddcc56811b638a34853436b23c9a3cb7d"},
]

[[package]]
name = "python-dateutil"
version = "2.8.2"
description = "Extensions to the standard Python datetime module"
optional = false
python-versions = "!=3.0.*,!=3.1.*,!=3.2.*,>=2.7"
files = [
    {file = "python-dateutil-2.8.2.tar.gz", hash = "sha256:0123cacc1627ae19ddf3c27a5de5bd67ee4586fbdd6440d9748f8abb483d3e86"},
    {file = "python_dateutil-2.8.2-py2.py3-none-any.whl", hash = "sha256:961d03dc3453ebbc59dbdea9e4e11c5651520a876d0f4db161e8674aae935da9"},
]

[package.dependencies]
six = ">=1.5"

[[package]]
name = "pytz"
version = "2023.3.post1"
description = "World timezone definitions, modern and historical"
optional = false
python-versions = "*"
files = [
    {file = "pytz-2023.3.post1-py2.py3-none-any.whl", hash = "sha256:ce42d816b81b68506614c11e8937d3aa9e41007ceb50bfdcb0749b921bf646c7"},
    {file = "pytz-2023.3.post1.tar.gz", hash = "sha256:7b4fddbeb94a1eba4b557da24f19fdf9db575192544270a9101d8509f9f43d7b"},
]

[[package]]
name = "redis"
version = "5.0.1"
description = "Python client for Redis database and key-value store"
optional = false
python-versions = ">=3.7"
files = [
    {file = "redis-5.0.1-py3-none-any.whl", hash = "sha256:ed4802971884ae19d640775ba3b03aa2e7bd5e8fb8dfaed2decce4d0fc48391f"},
    {file = "redis-5.0.1.tar.gz", hash = "sha256:0dab495cd5753069d3bc650a0dde8a8f9edde16fc5691b689a566eda58100d0f"},
]

[package.dependencies]
async-timeout = {version = ">=4.0.2", markers = "python_full_version <= \"3.11.2\""}

[package.extras]
hiredis = ["hiredis (>=1.0.0)"]
ocsp = ["cryptography (>=36.0.1)", "pyopenssl (==20.0.1)", "requests (>=2.26.0)"]

[[package]]
name = "six"
version = "1.16.0"
description = "Python 2 and 3 compatibility utilities"
optional = false
python-versions = ">=2.7, !=3.0.*, !=3.1.*, !=3.2.*"
files = [
    {file = "six-1.16.0-py2.py3-none-any.whl", hash = "sha256:8abb2f1d86890a2dfb989f9a77cfcfd3e47c2a354b01111771326f8aa26e0254"},
    {file = "six-1.16.0.tar.gz", hash = "sha256:1e61c37477a1626458e36f7b1d82aa5c9b094fa4802892072e49de9c60c4c926"},
]

[[package]]
name = "sqlparse"
version = "0.4.4"
description = "A non-validating SQL parser."
optional = false
python-versions = ">=3.5"
files = [
    {file = "sqlparse-0.4.4-py3-none-any.whl", hash = "sha256:5430a4fe2ac7d0f93e66f1efc6e1338a41884b7ddf2a350cedd20ccc4d9d28f3"},
    {file = "sqlparse-0.4.4.tar.gz", hash = "sha256:d446183e84b8349fa3061f0fe7f06ca94ba65b426946ffebe6e3e8295332420c"},
]

[package.extras]
dev = ["build", "flake8"]
doc = ["sphinx"]
test = ["pytest", "pytest-cov"]

[[package]]
name = "typing-extensions"
version = "4.9.0"
description = "Backported and Experimental Type Hints for Python 3.8+"
optional = false
python-versions = ">=3.8"
files = [
    {file = "typing_extensions-4.9.0-py3-none-any.whl", hash = "sha256:af72aea155e91adfc61c3ae9e0e342dbc0cba726d6cba4b6c72c1f34e47291cd"},
    {file = "typing_extensions-4.9.0.tar.gz", hash = "sha256:23478f88c37f27d76ac8aee6c905017a143b0b1b886c3c9f66bc2fd94f9f5783"},
]

[[package]]
name = "tzdata"
version = "2023.4"
description = "Provider of IANA time zone data"
optional = false
python-versions = ">=2"
files = [
    {file = "tzdata-2023.4-py2.py3-none-any.whl", hash = "sha256:aa3ace4329eeacda5b7beb7ea08ece826c28d761cda36e747cfbf97996d39bf3"},
    {file = "tzdata-2023.4.tar.gz", hash = "sha256:dd54c94f294765522c77399649b4fefd95522479a664a0cec87f41bebc6148c9"},
]

[[package]]
name = "vine"
version = "5.1.0"
description = "Python promises."
optional = false
python-versions = ">=3.6"
files = [
    {file = "vine-5.1.0-py3-none-any.whl", hash = "sha256:40fdf3c48b2cfe1c38a49e9ae2da6fda88e4794c810050a728bd7413811fb1dc"},
    {file = "vine-5.1.0.tar.gz", hash = "sha256:8b62e981d35c41049211cf62a0a1242d8c1ee9bd15bb196ce38aefd6799e61e0"},
]

[[package]]
name = "wcwidth"
version = "0.2.13"
description = "Measures the displayed width of unicode strings in a terminal"
optional = false
python-versions = "*"
files = [
    {file = "wcwidth-0.2.13-py2.py3-none-any.whl", hash = "sha256:3da69048e4540d84af32131829ff948f1e022c1c6bdb8d6102117aac784f6859"},
    {file = "wcwidth-0.2.13.tar.gz", hash = "sha256:72ea0c06399eb286d978fdedb6923a9eb47e1c486ce63e9b4e64fc18303972b5"},
]

[metadata]
lock-version = "2.0"
python-versions = "^3.11"
content-hash = "77f849de49bb9302286c4dd34c74fe62b78292b108d2c47bf441183caf4a94bd"
